PODS:
  - Alamofire (5.0.0-rc.2)
  - JGProgressHUD (2.0.4)

DEPENDENCIES:
  - Alamofire (~> 5.0.0-rc.2)
  - JGProgressHUD

SPEC REPOS:
  https://github.com/cocoapods/specs.git:
    - Alamofire
    - JGProgressHUD

SPEC CHECKSUMS:
  Alamofire: f9450d3c7f6bea2ad62e7a541c3e9b186c7991d6
  JGProgressHUD: 62658b14e72cccf179efc7a13bcb54d30b92fc22

PODFILE CHECKSUM: e2987d38bad6c19fa1bc81153c3b14620cd0f981

COCOAPODS: 1.6.2
